
Microsoft Visual Studio Solution File, Format Version 12.00
# Visual Studio Version 16
VisualStudioVersion = 16.0.29306.81
MinimumVisualStudioVersion = 10.0.40219.1
Project("{FAE04EC0-301F-11D3-BF4B-00C04F79EFBC}") = "Ospedale", "Ospedale\Ospedale.csproj", "{64F634E4-DD89-4DC2-A8FB-05BB1A1EEBAF}"
EndProject
Global
	GlobalSection(SolutionConfigurationPlatforms) = preSolution
		Debug|Any CPU = Debug|Any CPU
		Release|Any CPU = Release|Any CPU
	EndGlobalSection
	GlobalSection(ProjectConfigurationPlatforms) = postSolution
		{64F634E4-DD89-4DC2-A8FB-05BB1A1EEBAF}.Debug|Any CPU.ActiveCfg = Debug|Any CPU
		{64F634E4-DD89-4DC2-A8FB-05BB1A1EEBAF}.Debug|Any CPU.Build.0 = Debug|Any CPU
		{64F634E4-DD89-4DC2-A8FB-05BB1A1EEBAF}.Release|Any CPU.ActiveCfg = Release|Any CPU
		{64F634E4-DD89-4DC2-A8FB-05BB1A1EEBAF}.Release|Any CPU.Build.0 = Release|Any CPU
	EndGlobalSection
	GlobalSection(SolutionProperties) = preSolution
		HideSolutionNode = FALSE
	EndGlobalSection
	GlobalSection(ExtensibilityGlobals) = postSolution
		SolutionGuid = {2F12EFBD-719E-4539-8ED5-E07BADEC39A4}
	EndGlobalSection
EndGlobal
